
Microsoft Visual Studio Solution File, Format Version 12.00
# Visual Studio Version 17
VisualStudioVersion = 17.8.34330.188
MinimumVisualStudioVersion = 10.0.40219.1
Project("{2150E333-8FDC-42A3-9474-1A3956D46DE8}") = "Users", "Users", "{73B0175D-D1AB-401A-BC17-7EED4FE0503E}"
EndProject
Project("{2150E333-8FDC-42A3-9474-1A3956D46DE8}") = "Glab", "Glab", "{CF13F95D-BF88-4F27-887E-727D91FE43F0}"
EndProject
Project("{9A19103F-16F7-4668-BE54-9A1E7A4F7556}") = "Users.Domains", "Domains\Users.Domains.csproj", "{AFFFE082-306F-440E-AC02-EA7A239E00AE}"
EndProject
Project("{9A19103F-16F7-4668-BE54-9A1E7A4F7556}") = "Glab.Domains", "Glab.Domain\Glab.Domains.csproj", "{09D2BDB5-6F20-422E-979E-1F278381E8FA}"
EndProject
Project("{9A19103F-16F7-4668-BE54-9A1E7A4F7556}") = "Glab.Infrastructures", "Glab.Infrastructures\Glab.Infrastructures.csproj", "{3A6F257A-3153-4E02-9822-6D3062026614}"
EndProject
Project("{9A19103F-16F7-4668-BE54-9A1E7A4F7556}") = "Users.Infrastructures", "Users.Infrastructures\Users.Infrastructures.csproj", "{407BBAB1-9A27-4C1B-AB7B-5E926B39ADD5}"
EndProject
Project("{9A19103F-16F7-4668-BE54-9A1E7A4F7556}") = "Glab.App", "Glab.App\Glab.App.csproj", "{204185EF-7288-4537-AEE4-162B0166706F}"
EndProject
Project("{9A19103F-16F7-4668-BE54-9A1E7A4F7556}") = "Users.App", "Users.App\Users.App.csproj", "{8778632B-A5E9-4DAC-B429-BE32392F9C38}"
EndProject
Project("{9A19103F-16F7-4668-BE54-9A1E7A4F7556}") = "Glab.Implementation", "Glab.Implementation\Glab.Implementation.csproj", "{2C089EF7-12B9-454F-B111-5FD98218B6E7}"
EndProject
Project("{9A19103F-16F7-4668-BE54-9A1E7A4F7556}") = "Users.Implementation", "Users.Implementation\Users.Implementation.csproj", "{07CDBB3A-1E0D-446D-866A-9732F5F5336C}"
EndProject
Project("{9A19103F-16F7-4668-BE54-9A1E7A4F7556}") = "Users.Ui", "Glab3.Ui\Users.Ui.csproj", "{FB9E3CA9-957F-4D99-AAEB-62160B7E7F3E}"
EndProject
Project("{9A19103F-16F7-4668-BE54-9A1E7A4F7556}") = "Glab.Ui", "Glab4.Ui\Glab.Ui.csproj", "{7073AAF8-861C-402A-B5D3-9E1207DABA6B}"
EndProject
Project("{9A19103F-16F7-4668-BE54-9A1E7A4F7556}") = "GLAB.Web1", "GLAB.Web1\GLAB.Web1.csproj", "{C7E351FC-56D2-43AD-9D08-6095750F274C}"
EndProject
Project("{2150E333-8FDC-42A3-9474-1A3956D46DE8}") = "Email", "Email", "{D6CBC6BB-BDB7-434B-8346-B6E6FEE66A31}"
EndProject
Project("{9A19103F-16F7-4668-BE54-9A1E7A4F7556}") = "Email.App", "Email.App\Email.App.csproj", "{6D61D5CC-0B45-4274-A5D8-07AFA194A97E}"
EndProject
Project("{9A19103F-16F7-4668-BE54-9A1E7A4F7556}") = "Email.Implementation", "Email.Implementation\Email.Implementation.csproj", "{8E362218-B853-4319-9FDA-F4C54E8430A5}"
EndProject
Project("{2150E333-8FDC-42A3-9474-1A3956D46DE8}") = "SHARED", "SHARED", "{5EDBF7E3-1837-40AF-8140-440A990FB490}"
EndProject
Project("{9A19103F-16F7-4668-BE54-9A1E7A4F7556}") = "Ids.Files", "Ids.Files\Ids.Files.csproj", "{9C528FD2-85C6-4180-8D9F-902A7550A264}"
EndProject
Project("{9A19103F-16F7-4668-BE54-9A1E7A4F7556}") = "Ids.Shared", "Ids.Shared\Ids.Shared.csproj", "{89CD47E3-7F9D-4FE0-8638-43C5F77664AF}"
EndProject
Global
	GlobalSection(SolutionConfigurationPlatforms) = preSolution
		Debug|Any CPU = Debug|Any CPU
		Release|Any CPU = Release|Any CPU
	EndGlobalSection
	GlobalSection(ProjectConfigurationPlatforms) = postSolution
		{AFFFE082-306F-440E-AC02-EA7A239E00AE}.Debug|Any CPU.ActiveCfg = Debug|Any CPU
		{AFFFE082-306F-440E-AC02-EA7A239E00AE}.Debug|Any CPU.Build.0 = Debug|Any CPU
		{AFFFE082-306F-440E-AC02-EA7A239E00AE}.Release|Any CPU.ActiveCfg = Release|Any CPU
		{AFFFE082-306F-440E-AC02-EA7A239E00AE}.Release|Any CPU.Build.0 = Release|Any CPU
		{09D2BDB5-6F20-422E-979E-1F278381E8FA}.Debug|Any CPU.ActiveCfg = Debug|Any CPU
		{09D2BDB5-6F20-422E-979E-1F278381E8FA}.Debug|Any CPU.Build.0 = Debug|Any CPU
		{09D2BDB5-6F20-422E-979E-1F278381E8FA}.Release|Any CPU.ActiveCfg = Release|Any CPU
		{09D2BDB5-6F20-422E-979E-1F278381E8FA}.Release|Any CPU.Build.0 = Release|Any CPU
		{3A6F257A-3153-4E02-9822-6D3062026614}.Debug|Any CPU.ActiveCfg = Debug|Any CPU
		{3A6F257A-3153-4E02-9822-6D3062026614}.Debug|Any CPU.Build.0 = Debug|Any CPU
		{3A6F257A-3153-4E02-9822-6D3062026614}.Release|Any CPU.ActiveCfg = Release|Any CPU
		{3A6F257A-3153-4E02-9822-6D3062026614}.Release|Any CPU.Build.0 = Release|Any CPU
		{407BBAB1-9A27-4C1B-AB7B-5E926B39ADD5}.Debug|Any CPU.ActiveCfg = Debug|Any CPU
		{407BBAB1-9A27-4C1B-AB7B-5E926B39ADD5}.Debug|Any CPU.Build.0 = Debug|Any CPU
		{407BBAB1-9A27-4C1B-AB7B-5E926B39ADD5}.Release|Any CPU.ActiveCfg = Release|Any CPU
		{407BBAB1-9A27-4C1B-AB7B-5E926B39ADD5}.Release|Any CPU.Build.0 = Release|Any CPU
		{204185EF-7288-4537-AEE4-162B0166706F}.Debug|Any CPU.ActiveCfg = Debug|Any CPU
		{204185EF-7288-4537-AEE4-162B0166706F}.Debug|Any CPU.Build.0 = Debug|Any CPU
		{204185EF-7288-4537-AEE4-162B0166706F}.Release|Any CPU.ActiveCfg = Release|Any CPU
		{204185EF-7288-4537-AEE4-162B0166706F}.Release|Any CPU.Build.0 = Release|Any CPU
		{8778632B-A5E9-4DAC-B429-BE32392F9C38}.Debug|Any CPU.ActiveCfg = Debug|Any CPU
		{8778632B-A5E9-4DAC-B429-BE32392F9C38}.Debug|Any CPU.Build.0 = Debug|Any CPU
		{8778632B-A5E9-4DAC-B429-BE32392F9C38}.Release|Any CPU.ActiveCfg = Release|Any CPU
		{8778632B-A5E9-4DAC-B429-BE32392F9C38}.Release|Any CPU.Build.0 = Release|Any CPU
		{2C089EF7-12B9-454F-B111-5FD98218B6E7}.Debug|Any CPU.ActiveCfg = Debug|Any CPU
		{2C089EF7-12B9-454F-B111-5FD98218B6E7}.Debug|Any CPU.Build.0 = Debug|Any CPU
		{2C089EF7-12B9-454F-B111-5FD98218B6E7}.Release|Any CPU.ActiveCfg = Release|Any CPU
		{2C089EF7-12B9-454F-B111-5FD98218B6E7}.Release|Any CPU.Build.0 = Release|Any CPU
		{07CDBB3A-1E0D-446D-866A-9732F5F5336C}.Debug|Any CPU.ActiveCfg = Debug|Any CPU
		{07CDBB3A-1E0D-446D-866A-9732F5F5336C}.Debug|Any CPU.Build.0 = Debug|Any CPU
		{07CDBB3A-1E0D-446D-866A-9732F5F5336C}.Release|Any CPU.ActiveCfg = Release|Any CPU
		{07CDBB3A-1E0D-446D-866A-9732F5F5336C}.Release|Any CPU.Build.0 = Release|Any CPU
		{FB9E3CA9-957F-4D99-AAEB-62160B7E7F3E}.Debug|Any CPU.ActiveCfg = Debug|Any CPU
		{FB9E3CA9-957F-4D99-AAEB-62160B7E7F3E}.Debug|Any CPU.Build.0 = Debug|Any CPU
		{FB9E3CA9-957F-4D99-AAEB-62160B7E7F3E}.Release|Any CPU.ActiveCfg = Release|Any CPU
		{FB9E3CA9-957F-4D99-AAEB-62160B7E7F3E}.Release|Any CPU.Build.0 = Release|Any CPU
		{7073AAF8-861C-402A-B5D3-9E1207DABA6B}.Debug|Any CPU.ActiveCfg = Debug|Any CPU
		{7073AAF8-861C-402A-B5D3-9E1207DABA6B}.Debug|Any CPU.Build.0 = Debug|Any CPU
		{7073AAF8-861C-402A-B5D3-9E1207DABA6B}.Release|Any CPU.ActiveCfg = Release|Any CPU
		{7073AAF8-861C-402A-B5D3-9E1207DABA6B}.Release|Any CPU.Build.0 = Release|Any CPU
		{C7E351FC-56D2-43AD-9D08-6095750F274C}.Debug|Any CPU.ActiveCfg = Debug|Any CPU
		{C7E351FC-56D2-43AD-9D08-6095750F274C}.Debug|Any CPU.Build.0 = Debug|Any CPU
		{C7E351FC-56D2-43AD-9D08-6095750F274C}.Release|Any CPU.ActiveCfg = Release|Any CPU
		{C7E351FC-56D2-43AD-9D08-6095750F274C}.Release|Any CPU.Build.0 = Release|Any CPU
		{6D61D5CC-0B45-4274-A5D8-07AFA194A97E}.Debug|Any CPU.ActiveCfg = Debug|Any CPU
		{6D61D5CC-0B45-4274-A5D8-07AFA194A97E}.Debug|Any CPU.Build.0 = Debug|Any CPU
		{6D61D5CC-0B45-4274-A5D8-07AFA194A97E}.Release|Any CPU.ActiveCfg = Release|Any CPU
		{6D61D5CC-0B45-4274-A5D8-07AFA194A97E}.Release|Any CPU.Build.0 = Release|Any CPU
		{8E362218-B853-4319-9FDA-F4C54E8430A5}.Debug|Any CPU.ActiveCfg = Debug|Any CPU
		{8E362218-B853-4319-9FDA-F4C54E8430A5}.Debug|Any CPU.Build.0 = Debug|Any CPU
		{8E362218-B853-4319-9FDA-F4C54E8430A5}.Release|Any CPU.ActiveCfg = Release|Any CPU
		{8E362218-B853-4319-9FDA-F4C54E8430A5}.Release|Any CPU.Build.0 = Release|Any CPU
		{9C528FD2-85C6-4180-8D9F-902A7550A264}.Debug|Any CPU.ActiveCfg = Debug|Any CPU
		{9C528FD2-85C6-4180-8D9F-902A7550A264}.Debug|Any CPU.Build.0 = Debug|Any CPU
		{9C528FD2-85C6-4180-8D9F-902A7550A264}.Release|Any CPU.ActiveCfg = Release|Any CPU
		{9C528FD2-85C6-4180-8D9F-902A7550A264}.Release|Any CPU.Build.0 = Release|Any CPU
		{89CD47E3-7F9D-4FE0-8638-43C5F77664AF}.Debug|Any CPU.ActiveCfg = Debug|Any CPU
		{89CD47E3-7F9D-4FE0-8638-43C5F77664AF}.Debug|Any CPU.Build.0 = Debug|Any CPU
		{89CD47E3-7F9D-4FE0-8638-43C5F77664AF}.Release|Any CPU.ActiveCfg = Release|Any CPU
		{89CD47E3-7F9D-4FE0-8638-43C5F77664AF}.Release|Any CPU.Build.0 = Release|Any CPU
	EndGlobalSection
	GlobalSection(SolutionProperties) = preSolution
		HideSolutionNode = FALSE
	EndGlobalSection
	GlobalSection(NestedProjects) = preSolution
		{AFFFE082-306F-440E-AC02-EA7A239E00AE} = {73B0175D-D1AB-401A-BC17-7EED4FE0503E}
		{09D2BDB5-6F20-422E-979E-1F278381E8FA} = {CF13F95D-BF88-4F27-887E-727D91FE43F0}
		{3A6F257A-3153-4E02-9822-6D3062026614} = {CF13F95D-BF88-4F27-887E-727D91FE43F0}
		{407BBAB1-9A27-4C1B-AB7B-5E926B39ADD5} = {73B0175D-D1AB-401A-BC17-7EED4FE0503E}
		{204185EF-7288-4537-AEE4-162B0166706F} = {CF13F95D-BF88-4F27-887E-727D91FE43F0}
		{8778632B-A5E9-4DAC-B429-BE32392F9C38} = {73B0175D-D1AB-401A-BC17-7EED4FE0503E}
		{2C089EF7-12B9-454F-B111-5FD98218B6E7} = {CF13F95D-BF88-4F27-887E-727D91FE43F0}
		{07CDBB3A-1E0D-446D-866A-9732F5F5336C} = {73B0175D-D1AB-401A-BC17-7EED4FE0503E}
		{FB9E3CA9-957F-4D99-AAEB-62160B7E7F3E} = {73B0175D-D1AB-401A-BC17-7EED4FE0503E}
		{7073AAF8-861C-402A-B5D3-9E1207DABA6B} = {CF13F95D-BF88-4F27-887E-727D91FE43F0}
		{6D61D5CC-0B45-4274-A5D8-07AFA194A97E} = {D6CBC6BB-BDB7-434B-8346-B6E6FEE66A31}
		{8E362218-B853-4319-9FDA-F4C54E8430A5} = {D6CBC6BB-BDB7-434B-8346-B6E6FEE66A31}
		{9C528FD2-85C6-4180-8D9F-902A7550A264} = {5EDBF7E3-1837-40AF-8140-440A990FB490}
		{89CD47E3-7F9D-4FE0-8638-43C5F77664AF} = {5EDBF7E3-1837-40AF-8140-440A990FB490}
	EndGlobalSection
	GlobalSection(ExtensibilityGlobals) = postSolution
		SolutionGuid = {87CC59BE-95F7-49B9-BF44-EA51A96FD314}
	EndGlobalSection
EndGlobal
